
Microsoft Visual Studio Solution File, Format Version 11.00
# Visual Studio 2010
Project("{FAE04EC0-301F-11D3-BF4B-00C04F79EFBC}") = "FlightStream", "FlightStream\FlightStream.csproj", "{C0AD89F8-4EC5-448A-9C1D-720BA4EB5766}"
EndProject
Project("{FAE04EC0-301F-11D3-BF4B-00C04F79EFBC}") = "FlightStream.Tests", "FlightStream.Tests\FlightStream.Tests.csproj", "{D93720B5-4CAF-4D86-BB7C-04BA0E02028F}"
EndProject
Global
	GlobalSection(SolutionConfigurationPlatforms) = preSolution
		Debug|Any CPU = Debug|Any CPU
		Release|Any CPU = Release|Any CPU
	EndGlobalSection
	GlobalSection(ProjectConfigurationPlatforms) = postSolution
		{C0AD89F8-4EC5-448A-9C1D-720BA4EB5766}.Debug|Any CPU.ActiveCfg = Debug|Any CPU
		{C0AD89F8-4EC5-448A-9C1D-720BA4EB5766}.Debug|Any CPU.Build.0 = Debug|Any CPU
		{C0AD89F8-4EC5-448A-9C1D-720BA4EB5766}.Release|Any CPU.ActiveCfg = Release|Any CPU
		{C0AD89F8-4EC5-448A-9C1D-720BA4EB5766}.Release|Any CPU.Build.0 = Release|Any CPU
		{D93720B5-4CAF-4D86-BB7C-04BA0E02028F}.Debug|Any CPU.ActiveCfg = Debug|Any CPU
		{D93720B5-4CAF-4D86-BB7C-04BA0E02028F}.Debug|Any CPU.Build.0 = Debug|Any CPU
		{D93720B5-4CAF-4D86-BB7C-04BA0E02028F}.Release|Any CPU.ActiveCfg = Release|Any CPU
		{D93720B5-4CAF-4D86-BB7C-04BA0E02028F}.Release|Any CPU.Build.0 = Release|Any CPU
	EndGlobalSection
	GlobalSection(SolutionProperties) = preSolution
		HideSolutionNode = FALSE
	EndGlobalSection
EndGlobal
